dependencies:
- name: postgresql
  repository: https://kubernetes-charts.storage.googleapis.com
  version: 0.13.0
- name: mysql
  repository: https://kubernetes-charts.storage.googleapis.com
  version: 0.6.0
digest: sha256:e1d27fc0c249faf3d078d065277e0040ad5f8a16d3f917560291c129f1e594b8
generated: 2018-07-03T00:37:44.651060672+05:30
