dependencies:
- name: postgresql
  repository: https://kubernetes-charts.storage.googleapis.com
  version: 0.13.0
- name: traefik
  repository: https://kubernetes-charts.storage.googleapis.com
  version: 1.35.1
digest: sha256:e849018d06af050cf53e7701843fea79be9a4eff8c9b0a5d383fa22289600fd8
generated: 2018-07-26T11:52:23.206714829+05:30
